{
  "name": "home_dashboard",
  "lockfileVersion": 2,
  "requires": true,
  "packages": {
    "": {
      "devDependencies": {
        "@types/lokijs": "^1.5.7"
      }
    },
    "node_modules/@types/lokijs": {
      "version": "1.5.7",
      "resolved": "https://registry.npmjs.org/@types/lokijs/-/lokijs-1.5.7.tgz",
      "integrity": "sha512-WEFQLgO3u2Wa7yFybqkTZYumqF1GcHvUwx8Tv2SUHy2qpnIainMMoLmEUGdjhPNp/v5pyC9e91fSMC3mkxBIDw==",
      "dev": true
    }
  },
  "dependencies": {
    "@types/lokijs": {
      "version": "1.5.7",
      "resolved": "https://registry.npmjs.org/@types/lokijs/-/lokijs-1.5.7.tgz",
      "integrity": "sha512-WEFQLgO3u2Wa7yFybqkTZYumqF1GcHvUwx8Tv2SUHy2qpnIainMMoLmEUGdjhPNp/v5pyC9e91fSMC3mkxBIDw==",
      "dev": true
    }
  }
}
